
Microsoft Visual Studio Solution File, Format Version 12.00
# Visual Studio 14
VisualStudioVersion = 14.0.25420.1
MinimumVisualStudioVersion = 10.0.40219.1
Project("{2150E333-8FDC-42A3-9474-1A3956D46DE8}") = "src", "src", "{7680049A-E3F1-4E85-B93B-3DD2D57BC018}"
EndProject
Project("{2150E333-8FDC-42A3-9474-1A3956D46DE8}") = "Solution Items", "Solution Items", "{A841D29B-5D54-4C19-B997-C9FC9DAD3EBB}"
	ProjectSection(SolutionItems) = preProject
		.travis.yml = .travis.yml
		appveyor.yml = appveyor.yml
		global.json = global.json
	EndProjectSection
EndProject
Project("{8BB2217D-0F2D-49D1-97BC-3654ED321F3B}") = "YaBenc", "src\YaBenc\YaBenc.xproj", "{B2722529-3342-4495-BD47-ACE7A9FD99EC}"
EndProject
Project("{2150E333-8FDC-42A3-9474-1A3956D46DE8}") = "test", "test", "{520F4473-FEB8-461A-BEF9-45FA0EB7C60F}"
EndProject
Project("{8BB2217D-0F2D-49D1-97BC-3654ED321F3B}") = "YaBenc.Tests", "test\YaBenc.Tests\YaBenc.Tests.xproj", "{91D85B18-9D06-4D96-82B3-B26425D641A0}"
EndProject
Project("{8BB2217D-0F2D-49D1-97BC-3654ED321F3B}") = "YaBenc.Strings", "src\YaBenc.Strings\YaBenc.Strings.xproj", "{B6857EBA-50D3-4830-8FAC-F98C139D6EA9}"
EndProject
Global
	GlobalSection(SolutionConfigurationPlatforms) = preSolution
		Debug|Any CPU = Debug|Any CPU
		Release|Any CPU = Release|Any CPU
	EndGlobalSection
	GlobalSection(ProjectConfigurationPlatforms) = postSolution
		{B2722529-3342-4495-BD47-ACE7A9FD99EC}.Debug|Any CPU.ActiveCfg = Debug|Any CPU
		{B2722529-3342-4495-BD47-ACE7A9FD99EC}.Debug|Any CPU.Build.0 = Debug|Any CPU
		{B2722529-3342-4495-BD47-ACE7A9FD99EC}.Release|Any CPU.ActiveCfg = Release|Any CPU
		{B2722529-3342-4495-BD47-ACE7A9FD99EC}.Release|Any CPU.Build.0 = Release|Any CPU
		{91D85B18-9D06-4D96-82B3-B26425D641A0}.Debug|Any CPU.ActiveCfg = Debug|Any CPU
		{91D85B18-9D06-4D96-82B3-B26425D641A0}.Debug|Any CPU.Build.0 = Debug|Any CPU
		{91D85B18-9D06-4D96-82B3-B26425D641A0}.Release|Any CPU.ActiveCfg = Release|Any CPU
		{91D85B18-9D06-4D96-82B3-B26425D641A0}.Release|Any CPU.Build.0 = Release|Any CPU
		{B6857EBA-50D3-4830-8FAC-F98C139D6EA9}.Debug|Any CPU.ActiveCfg = Debug|Any CPU
		{B6857EBA-50D3-4830-8FAC-F98C139D6EA9}.Debug|Any CPU.Build.0 = Debug|Any CPU
		{B6857EBA-50D3-4830-8FAC-F98C139D6EA9}.Release|Any CPU.ActiveCfg = Release|Any CPU
		{B6857EBA-50D3-4830-8FAC-F98C139D6EA9}.Release|Any CPU.Build.0 = Release|Any CPU
	EndGlobalSection
	GlobalSection(SolutionProperties) = preSolution
		HideSolutionNode = FALSE
	EndGlobalSection
	GlobalSection(NestedProjects) = preSolution
		{B2722529-3342-4495-BD47-ACE7A9FD99EC} = {7680049A-E3F1-4E85-B93B-3DD2D57BC018}
		{91D85B18-9D06-4D96-82B3-B26425D641A0} = {520F4473-FEB8-461A-BEF9-45FA0EB7C60F}
		{B6857EBA-50D3-4830-8FAC-F98C139D6EA9} = {7680049A-E3F1-4E85-B93B-3DD2D57BC018}
	EndGlobalSection
EndGlobal
